
Microsoft Visual Studio Solution File, Format Version 12.00
# Visual Studio 15
VisualStudioVersion = 15.0.27428.2027
MinimumVisualStudioVersion = 10.0.40219.1
Project("{FAE04EC0-301F-11D3-BF4B-00C04F79EFBC}") = "CheckList", "CheckList\CheckList.csproj", "{9CA7B4E5-817A-443F-B58C-99E17D212D00}"
EndProject
Global
	GlobalSection(SolutionConfigurationPlatforms) = preSolution
		Debug|Any CPU = Debug|Any CPU
		Release|Any CPU = Release|Any CPU
	EndGlobalSection
	GlobalSection(ProjectConfigurationPlatforms) = postSolution
		{9CA7B4E5-817A-443F-B58C-99E17D212D00}.Debug|Any CPU.ActiveCfg = Debug|Any CPU
		{9CA7B4E5-817A-443F-B58C-99E17D212D00}.Debug|Any CPU.Build.0 = Debug|Any CPU
		{9CA7B4E5-817A-443F-B58C-99E17D212D00}.Release|Any CPU.ActiveCfg = Release|Any CPU
		{9CA7B4E5-817A-443F-B58C-99E17D212D00}.Release|Any CPU.Build.0 = Release|Any CPU
	EndGlobalSection
	GlobalSection(SolutionProperties) = preSolution
		HideSolutionNode = FALSE
	EndGlobalSection
	GlobalSection(ExtensibilityGlobals) = postSolution
		SolutionGuid = {1607C86E-038C-49E2-8DBE-9A5325010222}
	EndGlobalSection
EndGlobal
